{
  "name": "chrome-extension-v3-starter",
  "lockfileVersion": 3,
  "requires": true,
  "packages": {
    "": {
      "dependencies": {
        "export-to-csv": "^1.2.4"
      }
    },
    "node_modules/export-to-csv": {
      "version": "1.2.4",
      "resolved": "https://registry.npmjs.org/export-to-csv/-/export-to-csv-1.2.4.tgz",
      "integrity": "sha512-mniFCil3DPLb4esJX00Nm6R77WbTMAqlzgYBlqN++QXZ2juNu19RMnRgmjuPH2pyRbrQvOieKg8zTp5lCwUFyQ==",
      "engines": {
        "node": "^v12.20.0 || >=v14.13.0"
      }
    }
  }
}
